{
    "_readme": [
        "This file locks the dependencies of your project to a known state",
        "Read more about it at https://getcomposer.org/doc/01-basic-usage.md#installing-dependencies",
        "This file is @generated automatically"
    ],
    "content-hash": "fa7b01e62a4bf019e891d67d1ee9f962",
    "packages": [
        {
            "name": "midtrans/midtrans-php",
            "version": "2.2.0",
            "source": {
                "type": "git",
                "url": "https://github.com/Midtrans/midtrans-php.git",
                "reference": "4c5bbe32e26a4cd9c9d1460c91fd7270a57b9f4d"
            },
            "dist": {
                "type": "zip",
                "url": "https://api.github.com/repos/Midtrans/midtrans-php/zipball/4c5bbe32e26a4cd9c9d1460c91fd7270a57b9f4d",
                "reference": "4c5bbe32e26a4cd9c9d1460c91fd7270a57b9f4d",
                "shasum": ""
            },
            "require": {
                "php": ">=5.4"
            },
            "require-dev": {
                "phpunit/phpunit": "5.7.*",
                "psy/psysh": "0.4.*"
            },
            "type": "library",
            "autoload": {
                "psr-4": {
                    "Midtrans\\": "Midtrans/"
                }
            },
            "notification-url": "https://packagist.org/downloads/",
            "license": [
                "GPL-3.0"
            ],
            "authors": [
                {
                    "name": "Andri Setiawan",
                    "email": "andri.setiawan@veritrans.co.id"
                },
                {
                    "name": "Alvin Litani",
                    "email": "alvin.litani@veritrans.co.id"
                },
                {
                    "name": "Ismail Faruqi",
                    "email": "ismail.faruqi@veritrans.co.id"
                }
            ],
            "description": "PHP Wrapper for Midtrans Payment API.",
            "homepage": "https://midtrans.com",
            "time": "2020-02-06T07:41:28+00:00"
        }
    ],
    "packages-dev": [],
    "aliases": [],
    "minimum-stability": "stable",
    "stability-flags": [],
    "prefer-stable": false,
    "prefer-lowest": false,
    "platform": [],
    "platform-dev": []
}
